{
  "version": 4,
  "terraform_version": "1.11.2",
  "serial": 3,
  "lineage": "a1f66b77-8425-deda-e044-38907faaac5e",
  "outputs": {
    "auth_api_url": {
      "value": "http://auth-api.redriver-9a4f8bf6.eastus.azurecontainerapps.io:8000",
      "type": "string"
    }
  },
  "resources": [
    {
      "mode": "data",
      "type": "azurerm_container_registry",
      "name": "taller1",
      "provider": "provider[\"registry.terraform.io/hashicorp/azurerm\"]",
      "instances": [
        {
          "schema_version": 0,
          "attributes": {
            "admin_enabled": true,
            "admin_password": "0jApXM38JES+03w+nLZyU7AzJgULzVEFH3ife85Fc3+ACRBaxZ3s",
            "admin_username": "taller1",
            "data_endpoint_enabled": false,
            "id": "/subscriptions/fab7526b-56a5-4c43-9ba1-85eb890d86d5/resourceGroups/taller1/providers/Microsoft.ContainerRegistry/registries/taller1",
            "location": "eastus",
            "login_server": "taller1.azurecr.io",
            "name": "taller1",
            "resource_group_name": "taller1",
            "sku": "Basic",
            "tags": {},
            "timeouts": null
          },
          "sensitive_attributes": []
        }
      ]
    },
    {
      "mode": "data",
      "type": "azurerm_resource_group",
      "name": "taller1",
      "provider": "provider[\"registry.terraform.io/hashicorp/azurerm\"]",
      "instances": [
        {
          "schema_version": 0,
          "attributes": {
            "id": "/subscriptions/fab7526b-56a5-4c43-9ba1-85eb890d86d5/resourceGroups/taller1",
            "location": "eastus",
            "managed_by": "",
            "name": "taller1",
            "tags": {},
            "timeouts": null
          },
          "sensitive_attributes": []
        }
      ]
    },
    {
      "mode": "managed",
      "type": "azurerm_container_app",
      "name": "app",
      "provider": "provider[\"registry.terraform.io/hashicorp/azurerm\"]",
      "instances": [
        {
          "index_key": "auth_api",
          "schema_version": 0,
          "attributes": {
            "container_app_environment_id": "/subscriptions/fab7526b-56a5-4c43-9ba1-85eb890d86d5/resourceGroups/taller1/providers/Microsoft.App/managedEnvironments/microservices-env",
            "custom_domain_verification_id": "EACF28BA8DF5BFD9F4A7A6AA4054AFF8929B79AEF8C414369BFB235FE9EAF5F8",
            "dapr": [],
            "id": "/subscriptions/fab7526b-56a5-4c43-9ba1-85eb890d86d5/resourceGroups/taller1/providers/Microsoft.App/containerApps/auth-api",
            "identity": [],
            "ingress": [
              {
                "allow_insecure_connections": false,
                "client_certificate_mode": "",
                "custom_domain": [],
                "exposed_port": 0,
                "external_enabled": true,
                "fqdn": "auth-api.redriver-9a4f8bf6.eastus.azurecontainerapps.io",
                "ip_security_restriction": [],
                "target_port": 8000,
                "traffic_weight": [
                  {
                    "label": "",
                    "latest_revision": true,
                    "percentage": 100,
                    "revision_suffix": ""
                  }
                ],
                "transport": "auto"
              }
            ],
            "latest_revision_fqdn": "auth-api--zdr5vmy.redriver-9a4f8bf6.eastus.azurecontainerapps.io",
            "latest_revision_name": "auth-api--zdr5vmy",
            "location": "eastus",
            "max_inactive_revisions": 0,
            "name": "auth-api",
            "outbound_ip_addresses": [
              "128.203.84.103"
            ],
            "registry": [
              {
                "identity": "",
                "password_secret_name": "acr-password",
                "server": "taller1.azurecr.io",
                "username": "taller1"
              }
            ],
            "resource_group_name": "taller1",
            "revision_mode": "Single",
            "secret": [
              {
                "identity": "",
                "key_vault_secret_id": "",
                "name": "acr-password",
                "value": "0jApXM38JES+03w+nLZyU7AzJgULzVEFH3ife85Fc3+ACRBaxZ3s"
              }
            ],
            "tags": null,
            "template": [
              {
                "azure_queue_scale_rule": [],
                "container": [
                  {
                    "args": null,
                    "command": null,
                    "cpu": 0.5,
                    "env": [
                      {
                        "name": "AUTH_API_PORT",
                        "secret_name": "",
                        "value": "8000"
                      },
                      {
                        "name": "JWT_SECRET",
                        "secret_name": "",
                        "value": "PRFT"
                      },
                      {
                        "name": "USERS_API_ADDRESS",
                        "secret_name": "",
                        "value": "http://users-api:8083"
                      }
                    ],
                    "ephemeral_storage": "2Gi",
                    "image": "taller1.azurecr.io/auth-api:5",
                    "liveness_probe": [],
                    "memory": "1Gi",
                    "name": "auth-api-container",
                    "readiness_probe": [],
                    "startup_probe": [],
                    "volume_mounts": []
                  }
                ],
                "custom_scale_rule": [],
                "http_scale_rule": [],
                "init_container": [],
                "max_replicas": 2,
                "min_replicas": 1,
                "revision_suffix": "",
                "tcp_scale_rule": [],
                "termination_grace_period_seconds": 0,
                "volume": []
              }
            ],
            "timeouts": null,
            "workload_profile_name": ""
          },
          "sensitive_attributes": [
            [
              {
                "type": "get_attr",
                "value": "secret"
              }
            ],
            [
              {
                "type": "get_attr",
                "value": "custom_domain_verification_id"
              }
            ]
          ],
          "private": "eyJlMmJmYjczMC1lY2FhLTExZTYtOGY4OC0zNDM2M2JjN2M0YzAiOnsiY3JlYXRlIjoxODAwMDAwMDAwMDAwLCJkZWxldGUiOjE4MDAwMDAwMDAwMDAsInJlYWQiOjMwMDAwMDAwMDAwMCwidXBkYXRlIjoxODAwMDAwMDAwMDAwfX0=",
          "dependencies": [
            "azurerm_container_app_environment.microservices",
            "data.azurerm_container_registry.taller1",
            "data.azurerm_resource_group.taller1"
          ]
        }
      ]
    },
    {
      "mode": "managed",
      "type": "azurerm_container_app_environment",
      "name": "microservices",
      "provider": "provider[\"registry.terraform.io/hashicorp/azurerm\"]",
      "instances": [
        {
          "schema_version": 0,
          "attributes": {
            "custom_domain_verification_id": "EACF28BA8DF5BFD9F4A7A6AA4054AFF8929B79AEF8C414369BFB235FE9EAF5F8",
            "dapr_application_insights_connection_string": "",
            "default_domain": "redriver-9a4f8bf6.eastus.azurecontainerapps.io",
            "docker_bridge_cidr": "",
            "id": "/subscriptions/fab7526b-56a5-4c43-9ba1-85eb890d86d5/resourceGroups/taller1/providers/Microsoft.App/managedEnvironments/microservices-env",
            "infrastructure_resource_group_name": "",
            "infrastructure_subnet_id": "",
            "internal_load_balancer_enabled": false,
            "location": "eastus",
            "log_analytics_workspace_id": "",
            "logs_destination": "",
            "mutual_tls_enabled": false,
            "name": "microservices-env",
            "platform_reserved_cidr": "",
            "platform_reserved_dns_ip_address": "",
            "resource_group_name": "taller1",
            "static_ip_address": "134.33.132.190",
            "tags": null,
            "timeouts": null,
            "workload_profile": [],
            "zone_redundancy_enabled": false
          },
          "sensitive_attributes": [
            [
              {
                "type": "get_attr",
                "value": "dapr_application_insights_connection_string"
              }
            ]
          ],
          "private": "eyJlMmJmYjczMC1lY2FhLTExZTYtOGY4OC0zNDM2M2JjN2M0YzAiOnsiY3JlYXRlIjoxODAwMDAwMDAwMDAwLCJkZWxldGUiOjE4MDAwMDAwMDAwMDAsInJlYWQiOjMwMDAwMDAwMDAwMCwidXBkYXRlIjoxODAwMDAwMDAwMDAwfX0=",
          "dependencies": [
            "data.azurerm_resource_group.taller1"
          ]
        }
      ]
    }
  ],
  "check_results": null
}
